# This file was autogenerated by Stack.
# You should not edit this file by hand.
# For more information, please see the documentation at:
#   https://docs.haskellstack.org/en/stable/lock_files

packages:
- completed:
    size: 442408
    url: https://github.com/AccelerateHS/accelerate/archive/a9c46204c076e4ac916dda13a0b3d8e2b1f93d7e.tar.gz
    cabal-file:
      size: 20096
      sha256: 6fc7f4d5bd67281956354c88826e7e2c82aab72230a30a274607c12e9e2d7ce0
    name: accelerate
    version: 1.3.0.0
    sha256: ec2450612123a0330a8862decd1dfc3ec844e94329feffd0cf3f496d228d8110
    pantry-tree:
      size: 13456
      sha256: 0e88099a6e228aad57485d2182fbf87341a95e11905ef9f856c997c181a83f6b
  original:
    url: https://github.com/AccelerateHS/accelerate/archive/a9c46204c076e4ac916dda13a0b3d8e2b1f93d7e.tar.gz
- completed:
    size: 265885
    subdir: accelerate-llvm
    url: https://github.com/AccelerateHS/accelerate-llvm/archive/f8aeee621e5aa3de92e4da12441964120ec4f75c.tar.gz
    cabal-file:
      size: 5983
      sha256: e0eebb04c4b8191ddf6f5a230dec8e0079c383acb5a86cd9fa5cde3db85e84e0
    name: accelerate-llvm
    version: 1.3.0.0
    sha256: 7d33a44bcb046715e63651248fd7abd560b7ebb8ea23166530b20004177dd2f6
    pantry-tree:
      size: 5454
      sha256: e9942243ecff667ead142273e43966412f9e5bcff45ddc5b483a7752d6d69b99
  original:
    subdir: accelerate-llvm
    url: https://github.com/AccelerateHS/accelerate-llvm/archive/f8aeee621e5aa3de92e4da12441964120ec4f75c.tar.gz
- completed:
    size: 265885
    subdir: accelerate-llvm-native
    url: https://github.com/AccelerateHS/accelerate-llvm/archive/f8aeee621e5aa3de92e4da12441964120ec4f75c.tar.gz
    cabal-file:
      size: 6317
      sha256: 0769ca494a95f8c6657c072dd25f55533c948c0e6a497f1f95b5461969227cc4
    name: accelerate-llvm-native
    version: 1.3.0.0
    sha256: 7d33a44bcb046715e63651248fd7abd560b7ebb8ea23166530b20004177dd2f6
    pantry-tree:
      size: 4693
      sha256: 8ae60856c7758400b6673fa20e07c3c09cc3267d93161556c7d531e12452cd16
  original:
    subdir: accelerate-llvm-native
    url: https://github.com/AccelerateHS/accelerate-llvm/archive/f8aeee621e5aa3de92e4da12441964120ec4f75c.tar.gz
- completed:
    size: 265885
    subdir: accelerate-llvm-ptx
    url: https://github.com/AccelerateHS/accelerate-llvm/archive/f8aeee621e5aa3de92e4da12441964120ec4f75c.tar.gz
    cabal-file:
      size: 6641
      sha256: 5b1bae1ab7a43fba470c1a6a8924bcc352e7d260434bfcd730f7092ccbafc624
    name: accelerate-llvm-ptx
    version: 1.3.0.0
    sha256: 7d33a44bcb046715e63651248fd7abd560b7ebb8ea23166530b20004177dd2f6
    pantry-tree:
      size: 4775
      sha256: c73069aabaa7ad14f9242aa1729ebfc06b912bda19198a18cfc0a84a64c20fd7
  original:
    subdir: accelerate-llvm-ptx
    url: https://github.com/AccelerateHS/accelerate-llvm/archive/f8aeee621e5aa3de92e4da12441964120ec4f75c.tar.gz
- completed:
    size: 7787
    url: https://github.com/tmcdonell/lens-accelerate/archive/b74eb8098735b1ad6cff3c5655af03d3f29b9f8e.tar.gz
    cabal-file:
      size: 1422
      sha256: e07af675403c3191aacbffe20a31cd0ab8a9278e84712a8a897ed4a9681f3314
    name: lens-accelerate
    version: 0.3.0.0
    sha256: 9b966f17100870fe2ee714bac4c59c0ccf7a3fe2374566ed98a0d2563a2cc1b9
    pantry-tree:
      size: 1114
      sha256: 523623a4689a89a3a2a0cc8fdd42ee99cf43500afb94d81cb8919e02ff0d0222
  original:
    url: https://github.com/tmcdonell/lens-accelerate/archive/b74eb8098735b1ad6cff3c5655af03d3f29b9f8e.tar.gz
- completed:
    size: 34613
    subdir: accelerate-io
    url: https://github.com/AccelerateHS/accelerate-io/archive/e83461b194bb046a6f129a6be7f0e865653ed365.tar.gz
    cabal-file:
      size: 1757
      sha256: d8b7971ad509db13269a1309881ecef2d93b64d9fc8273f43755123fe38012e6
    name: accelerate-io
    version: 1.3.0.0
    sha256: ee2c3fff8365b4fa9a9dd5da116ae007d7e9ada877e9481fbdfd2539a531e11a
    pantry-tree:
      size: 432
      sha256: 4291e5d6beaaf3f7992a2842d39ccc8ad185d08e1fd64379bd5ba54fa491255a
  original:
    subdir: accelerate-io
    url: https://github.com/AccelerateHS/accelerate-io/archive/e83461b194bb046a6f129a6be7f0e865653ed365.tar.gz
- completed:
    size: 34613
    subdir: accelerate-io-vector
    url: https://github.com/AccelerateHS/accelerate-io/archive/e83461b194bb046a6f129a6be7f0e865653ed365.tar.gz
    cabal-file:
      size: 2328
      sha256: a9bbfb2ba8149ed17d66c023189f9e0c68a722e68498c76105343ae9d2cb0dec
    name: accelerate-io-vector
    version: 0.1.0.0
    sha256: ee2c3fff8365b4fa9a9dd5da116ae007d7e9ada877e9481fbdfd2539a531e11a
    pantry-tree:
      size: 1183
      sha256: 026c68b0b92f38960ec415a31eaa884516dd159186b39efb5573cdbfb329579f
  original:
    subdir: accelerate-io-vector
    url: https://github.com/AccelerateHS/accelerate-io/archive/e83461b194bb046a6f129a6be7f0e865653ed365.tar.gz
- completed:
    hackage: hedgehog-1.0@sha256:440dafedac48a34eac3871f8622b215462cfc0708536cb0458b7a8cf38247c69,4463
    pantry-tree:
      size: 2409
      sha256: 985f5ddc16bc1fd4b0c33d4b4e6f54d205fc63aa97b5912b0fcb370dc2a672e3
  original:
    hackage: hedgehog-1.0
- completed:
    hackage: tasty-hedgehog-1.0.0.1@sha256:cdcf60a29195bd0d819d3018c11db2e0deb7c6e559ad940c49409a5a7a982f83,1766
    pantry-tree:
      size: 330
      sha256: 7c26d9584f8ad1a86d9f5cbd6f5a8b81219eaee992e5a098ddab29a6c0b4b2bf
  original:
    hackage: tasty-hedgehog-1.0.0.1
snapshots:
- completed:
    size: 524804
    url: https://raw.githubusercontent.com/commercialhaskell/stackage-snapshots/master/lts/14/16.yaml
    sha256: 4d1519a4372d051d47a5eae2241cf3fb54e113d7475f89707ddb6ec06add2888
  original: lts-14.16
