# This file was autogenerated by Stack.
# You should not edit this file by hand.
# For more information, please see the documentation at:
#   https://docs.haskellstack.org/en/stable/lock_files

packages:
- completed:
    hackage: massiv-0.5.2.0@sha256:f5471fe5685324991d71ca55fdc0f6500e84963ecb48a98d05086da29a05a6c2,4745
    pantry-tree:
      size: 3992
      sha256: 67be2fa5d23994cb54e03a3275dfa381ee4e8e140e25192d73690f75339bbe6b
  original:
    hackage: massiv-0.5.2.0
snapshots:
- completed:
    size: 496112
    url: https://raw.githubusercontent.com/commercialhaskell/stackage-snapshots/master/lts/15/13.yaml
    sha256: 75a1a0f870e1876898b117b0e443f911b3fa2985bfabb53158c81ab5765beda5
  original: lts-15.13
